// !$*UTF8*$!
{
	archiveVersion = 1;
	classes = {
	};
	objectVersion = 48;
	objects = {

/* Begin PBXBuildFile section */
		14461050203FAC8700C6492D /* DsMoreHeadView.m in Sources */ = {isa = PBXBuildFile; fileRef = 1446104F203FAC8600C6492D /* DsMoreHeadView.m */; };
		14461053203FACD400C6492D /* DsSeetingViewController.m in Sources */ = {isa = PBXBuildFile; fileRef = 14461051203FACD400C6492D /* DsSeetingViewController.m */; };
		14461056203FADBF00C6492D /* DsValue1TableViewCell.m in Sources */ = {isa = PBXBuildFile; fileRef = 14461055203FADBF00C6492D /* DsValue1TableViewCell.m */; };
		14461058203FAF7000C6492D /* 1.jpg in Resources */ = {isa = PBXBuildFile; fileRef = 14461057203FAF6F00C6492D /* 1.jpg */; };
		1446107B203FC1F800C6492D /* InfoPlist.strings in Resources */ = {isa = PBXBuildFile; fileRef = 1446107D203FC1F800C6492D /* InfoPlist.strings */; };
		14461099203FE8E300C6492D /* Localizable.strings in Resources */ = {isa = PBXBuildFile; fileRef = 14461095203FE27400C6492D /* Localizable.strings */; };
		14471497203E9557000211AC /* AppDelegate.m in Sources */ = {isa = PBXBuildFile; fileRef = 14471496203E9557000211AC /* AppDelegate.m */; };
		1447149D203E9557000211AC /* Main.storyboard in Resources */ = {isa = PBXBuildFile; fileRef = 1447149B203E9557000211AC /* Main.storyboard */; };
		1447149F203E9557000211AC /* Assets.xcassets in Resources */ = {isa = PBXBuildFile; fileRef = 1447149E203E9557000211AC /* Assets.xcassets */; };
		144714A5203E9557000211AC /* main.m in Sources */ = {isa = PBXBuildFile; fileRef = 144714A4203E9557000211AC /* main.m */; };
		14DFF237203E9E2900583046 /* UITabBarController+DsTabBarController.m in Sources */ = {isa = PBXBuildFile; fileRef = 14DFF231203E9E2900583046 /* UITabBarController+DsTabBarController.m */; };
		14DFF238203E9E2900583046 /* DsBaseTabBar.m in Sources */ = {isa = PBXBuildFile; fileRef = 14DFF236203E9E2900583046 /* DsBaseTabBar.m */; };
		14DFF240203E9E3400583046 /* DDBaseNavColumnView.m in Sources */ = {isa = PBXBuildFile; fileRef = 14DFF23A203E9E3300583046 /* DDBaseNavColumnView.m */; };
		14DFF241203E9E3400583046 /* DDBaseNavHorizontalView.m in Sources */ = {isa = PBXBuildFile; fileRef = 14DFF23D203E9E3300583046 /* DDBaseNavHorizontalView.m */; };
		14DFF242203E9E3400583046 /* DDBaseNavigationView.m in Sources */ = {isa = PBXBuildFile; fileRef = 14DFF23E203E9E3300583046 /* DDBaseNavigationView.m */; };
		14DFF249203EA3AD00583046 /* UIColor+DDSC.m in Sources */ = {isa = PBXBuildFile; fileRef = 14DFF248203EA3AD00583046 /* UIColor+DDSC.m */; };
		14DFF24E203EA60000583046 /* DsBaseViewController.m in Sources */ = {isa = PBXBuildFile; fileRef = 14DFF24C203EA60000583046 /* DsBaseViewController.m */; };
		14DFF252203EA69900583046 /* DsUtils.m in Sources */ = {isa = PBXBuildFile; fileRef = 14DFF250203EA69900583046 /* DsUtils.m */; };
		14DFF263203EA6A500583046 /* UIImage+DDSC.m in Sources */ = {isa = PBXBuildFile; fileRef = 14DFF253203EA6A200583046 /* UIImage+DDSC.m */; };
		14DFF264203EA6A500583046 /* UITabBar+Extension.m in Sources */ = {isa = PBXBuildFile; fileRef = 14DFF255203EA6A300583046 /* UITabBar+Extension.m */; };
		14DFF265203EA6A500583046 /* UIView+Frame.m in Sources */ = {isa = PBXBuildFile; fileRef = 14DFF256203EA6A300583046 /* UIView+Frame.m */; };
		14DFF266203EA6A500583046 /* NSData+DDSC.m in Sources */ = {isa = PBXBuildFile; fileRef = 14DFF257203EA6A300583046 /* NSData+DDSC.m */; };
		14DFF267203EA6A500583046 /* NSString+DDSC.m in Sources */ = {isa = PBXBuildFile; fileRef = 14DFF258203EA6A300583046 /* NSString+DDSC.m */; };
		14DFF268203EA6A500583046 /* UIControl+FCAcceptEventInteravl.m in Sources */ = {isa = PBXBuildFile; fileRef = 14DFF25A203EA6A300583046 /* UIControl+FCAcceptEventInteravl.m */; };
		14DFF269203EA6A500583046 /* UIButton+DDSC.m in Sources */ = {isa = PBXBuildFile; fileRef = 14DFF25C203EA6A400583046 /* UIButton+DDSC.m */; };
		14DFF26A203EA6A500583046 /* UITabBarItem+CustomBadge.m in Sources */ = {isa = PBXBuildFile; fileRef = 14DFF25D203EA6A400583046 /* UITabBarItem+CustomBadge.m */; };
		14DFF26D203EAEBC00583046 /* DsMineViewController.m in Sources */ = {isa = PBXBuildFile; fileRef = 14DFF26C203EAEBC00583046 /* DsMineViewController.m */; };
		14DFF270203EAECE00583046 /* DsHomeViewController.m in Sources */ = {isa = PBXBuildFile; fileRef = 14DFF26F203EAECE00583046 /* DsHomeViewController.m */; };
		14DFF275203EB03900583046 /* DsStartViewController.m in Sources */ = {isa = PBXBuildFile; fileRef = 14DFF273203EB03900583046 /* DsStartViewController.m */; };
		14DFF298203EB17C00583046 /* icon_pengyou_nor@2x.png in Resources */ = {isa = PBXBuildFile; fileRef = 14DFF27A203EB17C00583046 /* icon_pengyou_nor@2x.png */; };
		14DFF299203EB17C00583046 /* icon_pengyou_press@2x.png in Resources */ = {isa = PBXBuildFile; fileRef = 14DFF27B203EB17C00583046 /* icon_pengyou_press@2x.png */; };
		14DFF29A203EB17C00583046 /* icon_qqhaoyou_nor@2x.png in Resources */ = {isa = PBXBuildFile; fileRef = 14DFF27C203EB17C00583046 /* icon_qqhaoyou_nor@2x.png */; };
		14DFF29B203EB17C00583046 /* icon_qqhaoyou_press@2x.png in Resources */ = {isa = PBXBuildFile; fileRef = 14DFF27D203EB17C00583046 /* icon_qqhaoyou_press@2x.png */; };
		14DFF29C203EB17C00583046 /* icon_qqkongjian_nor@2x.png in Resources */ = {isa = PBXBuildFile; fileRef = 14DFF27E203EB17C00583046 /* icon_qqkongjian_nor@2x.png */; };
		14DFF29D203EB17C00583046 /* icon_qqkongjian_press@2x.png in Resources */ = {isa = PBXBuildFile; fileRef = 14DFF27F203EB17C00583046 /* icon_qqkongjian_press@2x.png */; };
		14DFF29E203EB17C00583046 /* icon_weibo_nor@2x.png in Resources */ = {isa = PBXBuildFile; fileRef = 14DFF280203EB17C00583046 /* icon_weibo_nor@2x.png */; };
		14DFF29F203EB17C00583046 /* icon_weibo_press@2x.png in Resources */ = {isa = PBXBuildFile; fileRef = 14DFF281203EB17C00583046 /* icon_weibo_press@2x.png */; };
		14DFF2A0203EB17C00583046 /* icon_weixinhaoyou_nor@2x.png in Resources */ = {isa = PBXBuildFile; fileRef = 14DFF282203EB17C00583046 /* icon_weixinhaoyou_nor@2x.png */; };
		14DFF2A1203EB17C00583046 /* icon_weixinhaoyou_press@2x.png in Resources */ = {isa = PBXBuildFile; fileRef = 14DFF283203EB17C00583046 /* icon_weixinhaoyou_press@2x.png */; };
		14DFF2A2203EB17C00583046 /* icon_xinxi_nor@2x.png in Resources */ = {isa = PBXBuildFile; fileRef = 14DFF284203EB17C00583046 /* icon_xinxi_nor@2x.png */; };
		14DFF2A3203EB17C00583046 /* icon_xinxi_press@2x.png in Resources */ = {isa = PBXBuildFile; fileRef = 14DFF285203EB17C00583046 /* icon_xinxi_press@2x.png */; };
		14DFF2A4203EB17C00583046 /* sAlertView.m in Sources */ = {isa = PBXBuildFile; fileRef = 14DFF287203EB17C00583046 /* sAlertView.m */; };
		14DFF2A5203EB17C00583046 /* sDateView.m in Sources */ = {isa = PBXBuildFile; fileRef = 14DFF289203EB17C00583046 /* sDateView.m */; };
		14DFF2A6203EB17C00583046 /* sKeyboardView.m in Sources */ = {isa = PBXBuildFile; fileRef = 14DFF28B203EB17C00583046 /* sKeyboardView.m */; };
		14DFF2A7203EB17C00583046 /* sScreenView.m in Sources */ = {isa = PBXBuildFile; fileRef = 14DFF28D203EB17C00583046 /* sScreenView.m */; };
		14DFF2A8203EB17C00583046 /* sShareView.m in Sources */ = {isa = PBXBuildFile; fileRef = 14DFF28F203EB17C00583046 /* sShareView.m */; };
		14DFF2A9203EB17C00583046 /* sSheetView.m in Sources */ = {isa = PBXBuildFile; fileRef = 14DFF291203EB17C00583046 /* sSheetView.m */; };
		14DFF2AA203EB17C00583046 /* sShowTisWindow.m in Sources */ = {isa = PBXBuildFile; fileRef = 14DFF293203EB17C00583046 /* sShowTisWindow.m */; };
		14DFF2AB203EB17C00583046 /* sTipsView.m in Sources */ = {isa = PBXBuildFile; fileRef = 14DFF295203EB17C00583046 /* sTipsView.m */; };
		14DFF2B1203EC08400583046 /* DsNoteViewController.m in Sources */ = {isa = PBXBuildFile; fileRef = 14DFF2B0203EC08400583046 /* DsNoteViewController.m */; };
		CD031E628A333BAE8031B167 /* libPods-normalShell.a in Frameworks */ = {isa = PBXBuildFile; fileRef = 978B1BC8F6CD741C67E95E9B /* libPods-normalShell.a */; };
/* End PBXBuildFile section */

/* Begin PBXFileReference section */
		1446104E203FAC8600C6492D /* DsMoreHeadView.h */ = {isa = PBXFileReference; fileEncoding = 4; lastKnownFileType = sourcecode.c.h; path = DsMoreHeadView.h; sourceTree = "<group>"; };
		1446104F203FAC8600C6492D /* DsMoreHeadView.m */ = {isa = PBXFileReference; fileEncoding = 4; lastKnownFileType = sourcecode.c.objc; path = DsMoreHeadView.m; sourceTree = "<group>"; };
		14461051203FACD400C6492D /* DsSeetingViewController.m */ = {isa = PBXFileReference; fileEncoding = 4; lastKnownFileType = sourcecode.c.objc; path = DsSeetingViewController.m; sourceTree = "<group>"; };
		14461052203FACD400C6492D /* DsSeetingViewController.h */ = {isa = PBXFileReference; fileEncoding = 4; lastKnownFileType = sourcecode.c.h; path = DsSeetingViewController.h; sourceTree = "<group>"; };
		14461054203FADBF00C6492D /* DsValue1TableViewCell.h */ = {isa = PBXFileReference; fileEncoding = 4; lastKnownFileType = sourcecode.c.h; path = DsValue1TableViewCell.h; sourceTree = "<group>"; };
		14461055203FADBF00C6492D /* DsValue1TableViewCell.m */ = {isa = PBXFileReference; fileEncoding = 4; lastKnownFileType = sourcecode.c.objc; path = DsValue1TableViewCell.m; sourceTree = "<group>"; };
		14461057203FAF6F00C6492D /* 1.jpg */ = {isa = PBXFileReference; lastKnownFileType = image.jpeg; path = 1.jpg; sourceTree = "<group>"; };
		14461076203FC0E200C6492D /* en */ = {isa = PBXFileReference; lastKnownFileType = text.plist.strings; name = en; path = en.lproj/Main.strings; sourceTree = "<group>"; };
		14461077203FC0F200C6492D /* zh-Hans */ = {isa = PBXFileReference; lastKnownFileType = text.plist.strings; name = "zh-Hans"; path = "zh-Hans.lproj/Main.strings"; sourceTree = "<group>"; };
		14461078203FC0F900C6492D /* zh-Hant */ = {isa = PBXFileReference; lastKnownFileType = text.plist.strings; name = "zh-Hant"; path = "zh-Hant.lproj/Main.strings"; sourceTree = "<group>"; };
		1446107C203FC1F800C6492D /* en */ = {isa = PBXFileReference; lastKnownFileType = text.plist.strings; name = en; path = en.lproj/InfoPlist.strings; sourceTree = "<group>"; };
		1446107E203FC1FA00C6492D /* zh-Hans */ = {isa = PBXFileReference; lastKnownFileType = text.plist.strings; name = "zh-Hans"; path = "zh-Hans.lproj/InfoPlist.strings"; sourceTree = "<group>"; };
		1446107F203FC1FC00C6492D /* zh-Hant */ = {isa = PBXFileReference; lastKnownFileType = text.plist.strings; name = "zh-Hant"; path = "zh-Hant.lproj/InfoPlist.strings"; sourceTree = "<group>"; };
		14461087203FC4B700C6492D /* DsLanguageConfig.h */ = {isa = PBXFileReference; lastKnownFileType = sourcecode.c.h; path = DsLanguageConfig.h; sourceTree = "<group>"; };
		14461090203FE14300C6492D /* Base */ = {isa = PBXFileReference; lastKnownFileType = text.plist.strings; name = Base; path = Base.lproj/InfoPlist.strings; sourceTree = "<group>"; };
		14461094203FE27400C6492D /* en */ = {isa = PBXFileReference; lastKnownFileType = text.plist.strings; name = en; path = en.lproj/Localizable.strings; sourceTree = "<group>"; };
		14461096203FE27700C6492D /* zh-Hans */ = {isa = PBXFileReference; lastKnownFileType = text.plist.strings; name = "zh-Hans"; path = "zh-Hans.lproj/Localizable.strings"; sourceTree = "<group>"; };
		14461097203FE27A00C6492D /* zh-Hant */ = {isa = PBXFileReference; lastKnownFileType = text.plist.strings; name = "zh-Hant"; path = "zh-Hant.lproj/Localizable.strings"; sourceTree = "<group>"; };
		14471492203E9557000211AC /* normalShell.app */ = {isa = PBXFileReference; explicitFileType = wrapper.application; includeInIndex = 0; path = normalShell.app; sourceTree = BUILT_PRODUCTS_DIR; };
		14471495203E9557000211AC /* AppDelegate.h */ = {isa = PBXFileReference; lastKnownFileType = sourcecode.c.h; path = AppDelegate.h; sourceTree = "<group>"; };
		14471496203E9557000211AC /* AppDelegate.m */ = {isa = PBXFileReference; lastKnownFileType = sourcecode.c.objc; path = AppDelegate.m; sourceTree = "<group>"; };
		1447149C203E9557000211AC /* Base */ = {isa = PBXFileReference; lastKnownFileType = file.storyboard; name = Base; path = Base.lproj/Main.storyboard; sourceTree = "<group>"; };
		1447149E203E9557000211AC /* Assets.xcassets */ = {isa = PBXFileReference; lastKnownFileType = folder.assetcatalog; path = Assets.xcassets; sourceTree = "<group>"; };
		144714A3203E9557000211AC /* Info.plist */ = {isa = PBXFileReference; lastKnownFileType = text.plist.xml; path = Info.plist; sourceTree = "<group>"; };
		144714A4203E9557000211AC /* main.m */ = {isa = PBXFileReference; lastKnownFileType = sourcecode.c.objc; path = main.m; sourceTree = "<group>"; };
		14DFF231203E9E2900583046 /* UITabBarController+DsTabBarController.m */ = {isa = PBXFileReference; fileEncoding = 4; lastKnownFileType = sourcecode.c.objc; path = "UITabBarController+DsTabBarController.m"; sourceTree = "<group>"; };
		14DFF232203E9E2900583046 /* DsTabBarProtocol.h */ = {isa = PBXFileReference; fileEncoding = 4; lastKnownFileType = sourcecode.c.h; path = DsTabBarProtocol.h; sourceTree = "<group>"; };
		14DFF233203E9E2900583046 /* DsTabConfig.h */ = {isa = PBXFileReference; fileEncoding = 4; lastKnownFileType = sourcecode.c.h; path = DsTabConfig.h; sourceTree = "<group>"; };
		14DFF234203E9E2900583046 /* UITabBarController+DsTabBarController.h */ = {isa = PBXFileReference; fileEncoding = 4; lastKnownFileType = sourcecode.c.h; path = "UITabBarController+DsTabBarController.h"; sourceTree = "<group>"; };
		14DFF235203E9E2900583046 /* DsBaseTabBar.h */ = {isa = PBXFileReference; fileEncoding = 4; lastKnownFileType = sourcecode.c.h; path = DsBaseTabBar.h; sourceTree = "<group>"; };
		14DFF236203E9E2900583046 /* DsBaseTabBar.m */ = {isa = PBXFileReference; fileEncoding = 4; lastKnownFileType = sourcecode.c.objc; path = DsBaseTabBar.m; sourceTree = "<group>"; };
		14DFF239203E9E3300583046 /* DDBaseNavColumnView.h */ = {isa = PBXFileReference; fileEncoding = 4; lastKnownFileType = sourcecode.c.h; path = DDBaseNavColumnView.h; sourceTree = "<group>"; };
		14DFF23A203E9E3300583046 /* DDBaseNavColumnView.m */ = {isa = PBXFileReference; fileEncoding = 4; lastKnownFileType = sourcecode.c.objc; path = DDBaseNavColumnView.m; sourceTree = "<group>"; };
		14DFF23B203E9E3300583046 /* DDBaseNavHorizontalView.h */ = {isa = PBXFileReference; fileEncoding = 4; lastKnownFileType = sourcecode.c.h; path = DDBaseNavHorizontalView.h; sourceTree = "<group>"; };
		14DFF23C203E9E3300583046 /* DsNavConfig.h */ = {isa = PBXFileReference; fileEncoding = 4; lastKnownFileType = sourcecode.c.h; path = DsNavConfig.h; sourceTree = "<group>"; };
		14DFF23D203E9E3300583046 /* DDBaseNavHorizontalView.m */ = {isa = PBXFileReference; fileEncoding = 4; lastKnownFileType = sourcecode.c.objc; path = DDBaseNavHorizontalView.m; sourceTree = "<group>"; };
		14DFF23E203E9E3300583046 /* DDBaseNavigationView.m */ = {isa = PBXFileReference; fileEncoding = 4; lastKnownFileType = sourcecode.c.objc; path = DDBaseNavigationView.m; sourceTree = "<group>"; };
		14DFF23F203E9E3400583046 /* DDBaseNavigationView.h */ = {isa = PBXFileReference; fileEncoding = 4; lastKnownFileType = sourcecode.c.h; path = DDBaseNavigationView.h; sourceTree = "<group>"; };
		14DFF244203EA13700583046 /* Ds-prefix.pch */ = {isa = PBXFileReference; fileEncoding = 4; lastKnownFileType = sourcecode.c.h; path = "Ds-prefix.pch"; sourceTree = "<group>"; };
		14DFF245203EA2C200583046 /* DsColorConfig.h */ = {isa = PBXFileReference; fileEncoding = 4; lastKnownFileType = sourcecode.c.h; path = DsColorConfig.h; sourceTree = "<group>"; };
		14DFF247203EA3AD00583046 /* UIColor+DDSC.h */ = {isa = PBXFileReference; fileEncoding = 4; lastKnownFileType = sourcecode.c.h; path = "UIColor+DDSC.h"; sourceTree = "<group>"; };
		14DFF248203EA3AD00583046 /* UIColor+DDSC.m */ = {isa = PBXFileReference; fileEncoding = 4; lastKnownFileType = sourcecode.c.objc; path = "UIColor+DDSC.m"; sourceTree = "<group>"; };
		14DFF24A203EA40000583046 /* DDGlobalConstant.h */ = {isa = PBXFileReference; fileEncoding = 4; lastKnownFileType = sourcecode.c.h; path = DDGlobalConstant.h; sourceTree = "<group>"; };
		14DFF24C203EA60000583046 /* DsBaseViewController.m */ = {isa = PBXFileReference; fileEncoding = 4; lastKnownFileType = sourcecode.c.objc; path = DsBaseViewController.m; sourceTree = "<group>"; };
		14DFF24D203EA60000583046 /* DsBaseViewController.h */ = {isa = PBXFileReference; fileEncoding = 4; lastKnownFileType = sourcecode.c.h; path = DsBaseViewController.h; sourceTree = "<group>"; };
		14DFF250203EA69900583046 /* DsUtils.m */ = {isa = PBXFileReference; fileEncoding = 4; lastKnownFileType = sourcecode.c.objc; path = DsUtils.m; sourceTree = "<group>"; };
		14DFF251203EA69900583046 /* DsUtils.h */ = {isa = PBXFileReference; fileEncoding = 4; lastKnownFileType = sourcecode.c.h; path = DsUtils.h; sourceTree = "<group>"; };
		14DFF253203EA6A200583046 /* UIImage+DDSC.m */ = {isa = PBXFileReference; fileEncoding = 4; lastKnownFileType = sourcecode.c.objc; path = "UIImage+DDSC.m"; sourceTree = "<group>"; };
		14DFF254203EA6A300583046 /* UIControl+FCAcceptEventInteravl.h */ = {isa = PBXFileReference; fileEncoding = 4; lastKnownFileType = sourcecode.c.h; path = "UIControl+FCAcceptEventInteravl.h"; sourceTree = "<group>"; };
		14DFF255203EA6A300583046 /* UITabBar+Extension.m */ = {isa = PBXFileReference; fileEncoding = 4; lastKnownFileType = sourcecode.c.objc; path = "UITabBar+Extension.m"; sourceTree = "<group>"; };
		14DFF256203EA6A300583046 /* UIView+Frame.m */ = {isa = PBXFileReference; fileEncoding = 4; lastKnownFileType = sourcecode.c.objc; path = "UIView+Frame.m"; sourceTree = "<group>"; };
		14DFF257203EA6A300583046 /* NSData+DDSC.m */ = {isa = PBXFileReference; fileEncoding = 4; lastKnownFileType = sourcecode.c.objc; path = "NSData+DDSC.m"; sourceTree = "<group>"; };
		14DFF258203EA6A300583046 /* NSString+DDSC.m */ = {isa = PBXFileReference; fileEncoding = 4; lastKnownFileType = sourcecode.c.objc; path = "NSString+DDSC.m"; sourceTree = "<group>"; };
		14DFF259203EA6A300583046 /* UIButton+DDSC.h */ = {isa = PBXFileReference; fileEncoding = 4; lastKnownFileType = sourcecode.c.h; path = "UIButton+DDSC.h"; sourceTree = "<group>"; };
		14DFF25A203EA6A300583046 /* UIControl+FCAcceptEventInteravl.m */ = {isa = PBXFileReference; fileEncoding = 4; lastKnownFileType = sourcecode.c.objc; path = "UIControl+FCAcceptEventInteravl.m"; sourceTree = "<group>"; };
		14DFF25B203EA6A400583046 /* UIImage+DDSC.h */ = {isa = PBXFileReference; fileEncoding = 4; lastKnownFileType = sourcecode.c.h; path = "UIImage+DDSC.h"; sourceTree = "<group>"; };
		14DFF25C203EA6A400583046 /* UIButton+DDSC.m */ = {isa = PBXFileReference; fileEncoding = 4; lastKnownFileType = sourcecode.c.objc; path = "UIButton+DDSC.m"; sourceTree = "<group>"; };
		14DFF25D203EA6A400583046 /* UITabBarItem+CustomBadge.m */ = {isa = PBXFileReference; fileEncoding = 4; lastKnownFileType = sourcecode.c.objc; path = "UITabBarItem+CustomBadge.m"; sourceTree = "<group>"; };
		14DFF25E203EA6A400583046 /* NSData+DDSC.h */ = {isa = PBXFileReference; fileEncoding = 4; lastKnownFileType = sourcecode.c.h; path = "NSData+DDSC.h"; sourceTree = "<group>"; };
		14DFF25F203EA6A400583046 /* UITabBarItem+CustomBadge.h */ = {isa = PBXFileReference; fileEncoding = 4; lastKnownFileType = sourcecode.c.h; path = "UITabBarItem+CustomBadge.h"; sourceTree = "<group>"; };
		14DFF260203EA6A500583046 /* UIView+Frame.h */ = {isa = PBXFileReference; fileEncoding = 4; lastKnownFileType = sourcecode.c.h; path = "UIView+Frame.h"; sourceTree = "<group>"; };
		14DFF261203EA6A500583046 /* NSString+DDSC.h */ = {isa = PBXFileReference; fileEncoding = 4; lastKnownFileType = sourcecode.c.h; path = "NSString+DDSC.h"; sourceTree = "<group>"; };
		14DFF262203EA6A500583046 /* UITabBar+Extension.h */ = {isa = PBXFileReference; fileEncoding = 4; lastKnownFileType = sourcecode.c.h; path = "UITabBar+Extension.h"; sourceTree = "<group>"; };
		14DFF26B203EAEBC00583046 /* DsMineViewController.h */ = {isa = PBXFileReference; lastKnownFileType = sourcecode.c.h; path = DsMineViewController.h; sourceTree = "<group>"; };
		14DFF26C203EAEBC00583046 /* DsMineViewController.m */ = {isa = PBXFileReference; lastKnownFileType = sourcecode.c.objc; path = DsMineViewController.m; sourceTree = "<group>"; };
		14DFF26E203EAECE00583046 /* DsHomeViewController.h */ = {isa = PBXFileReference; lastKnownFileType = sourcecode.c.h; path = DsHomeViewController.h; sourceTree = "<group>"; };
		14DFF26F203EAECE00583046 /* DsHomeViewController.m */ = {isa = PBXFileReference; lastKnownFileType = sourcecode.c.objc; path = DsHomeViewController.m; sourceTree = "<group>"; };
		14DFF273203EB03900583046 /* DsStartViewController.m */ = {isa = PBXFileReference; fileEncoding = 4; lastKnownFileType = sourcecode.c.objc; path = DsStartViewController.m; sourceTree = "<group>"; };
		14DFF274203EB03900583046 /* DsStartViewController.h */ = {isa = PBXFileReference; fileEncoding = 4; lastKnownFileType = sourcecode.c.h; path = DsStartViewController.h; sourceTree = "<group>"; };
		14DFF27A203EB17C00583046 /* icon_pengyou_nor@2x.png */ = {isa = PBXFileReference; lastKnownFileType = image.png; path = "icon_pengyou_nor@2x.png"; sourceTree = "<group>"; };
		14DFF27B203EB17C00583046 /* icon_pengyou_press@2x.png */ = {isa = PBXFileReference; lastKnownFileType = image.png; path = "icon_pengyou_press@2x.png"; sourceTree = "<group>"; };
		14DFF27C203EB17C00583046 /* icon_qqhaoyou_nor@2x.png */ = {isa = PBXFileReference; lastKnownFileType = image.png; path = "icon_qqhaoyou_nor@2x.png"; sourceTree = "<group>"; };
		14DFF27D203EB17C00583046 /* icon_qqhaoyou_press@2x.png */ = {isa = PBXFileReference; lastKnownFileType = image.png; path = "icon_qqhaoyou_press@2x.png"; sourceTree = "<group>"; };
		14DFF27E203EB17C00583046 /* icon_qqkongjian_nor@2x.png */ = {isa = PBXFileReference; lastKnownFileType = image.png; path = "icon_qqkongjian_nor@2x.png"; sourceTree = "<group>"; };
		14DFF27F203EB17C00583046 /* icon_qqkongjian_press@2x.png */ = {isa = PBXFileReference; lastKnownFileType = image.png; path = "icon_qqkongjian_press@2x.png"; sourceTree = "<group>"; };
		14DFF280203EB17C00583046 /* icon_weibo_nor@2x.png */ = {isa = PBXFileReference; lastKnownFileType = image.png; path = "icon_weibo_nor@2x.png"; sourceTree = "<group>"; };
		14DFF281203EB17C00583046 /* icon_weibo_press@2x.png */ = {isa = PBXFileReference; lastKnownFileType = image.png; path = "icon_weibo_press@2x.png"; sourceTree = "<group>"; };
		14DFF282203EB17C00583046 /* icon_weixinhaoyou_nor@2x.png */ = {isa = PBXFileReference; lastKnownFileType = image.png; path = "icon_weixinhaoyou_nor@2x.png"; sourceTree = "<group>"; };
		14DFF283203EB17C00583046 /* icon_weixinhaoyou_press@2x.png */ = {isa = PBXFileReference; lastKnownFileType = image.png; path = "icon_weixinhaoyou_press@2x.png"; sourceTree = "<group>"; };
		14DFF284203EB17C00583046 /* icon_xinxi_nor@2x.png */ = {isa = PBXFileReference; lastKnownFileType = image.png; path = "icon_xinxi_nor@2x.png"; sourceTree = "<group>"; };
		14DFF285203EB17C00583046 /* icon_xinxi_press@2x.png */ = {isa = PBXFileReference; lastKnownFileType = image.png; path = "icon_xinxi_press@2x.png"; sourceTree = "<group>"; };
		14DFF286203EB17C00583046 /* sAlertView.h */ = {isa = PBXFileReference; fileEncoding = 4; lastKnownFileType = sourcecode.c.h; path = sAlertView.h; sourceTree = "<group>"; };
		14DFF287203EB17C00583046 /* sAlertView.m */ = {isa = PBXFileReference; fileEncoding = 4; lastKnownFileType = sourcecode.c.objc; path = sAlertView.m; sourceTree = "<group>"; };
		14DFF288203EB17C00583046 /* sDateView.h */ = {isa = PBXFileReference; fileEncoding = 4; lastKnownFileType = sourcecode.c.h; path = sDateView.h; sourceTree = "<group>"; };
		14DFF289203EB17C00583046 /* sDateView.m */ = {isa = PBXFileReference; fileEncoding = 4; lastKnownFileType = sourcecode.c.objc; path = sDateView.m; sourceTree = "<group>"; };
		14DFF28A203EB17C00583046 /* sKeyboardView.h */ = {isa = PBXFileReference; fileEncoding = 4; lastKnownFileType = sourcecode.c.h; path = sKeyboardView.h; sourceTree = "<group>"; };
		14DFF28B203EB17C00583046 /* sKeyboardView.m */ = {isa = PBXFileReference; fileEncoding = 4; lastKnownFileType = sourcecode.c.objc; path = sKeyboardView.m; sourceTree = "<group>"; };
		14DFF28C203EB17C00583046 /* sScreenView.h */ = {isa = PBXFileReference; fileEncoding = 4; lastKnownFileType = sourcecode.c.h; path = sScreenView.h; sourceTree = "<group>"; };
		14DFF28D203EB17C00583046 /* sScreenView.m */ = {isa = PBXFileReference; fileEncoding = 4; lastKnownFileType = sourcecode.c.objc; path = sScreenView.m; sourceTree = "<group>"; };
		14DFF28E203EB17C00583046 /* sShareView.h */ = {isa = PBXFileReference; fileEncoding = 4; lastKnownFileType = sourcecode.c.h; path = sShareView.h; sourceTree = "<group>"; };
		14DFF28F203EB17C00583046 /* sShareView.m */ = {isa = PBXFileReference; fileEncoding = 4; lastKnownFileType = sourcecode.c.objc; path = sShareView.m; sourceTree = "<group>"; };
		14DFF290203EB17C00583046 /* sSheetView.h */ = {isa = PBXFileReference; fileEncoding = 4; lastKnownFileType = sourcecode.c.h; path = sSheetView.h; sourceTree = "<group>"; };
		14DFF291203EB17C00583046 /* sSheetView.m */ = {isa = PBXFileReference; fileEncoding = 4; lastKnownFileType = sourcecode.c.objc; path = sSheetView.m; sourceTree = "<group>"; };
		14DFF292203EB17C00583046 /* sShowTisWindow.h */ = {isa = PBXFileReference; fileEncoding = 4; lastKnownFileType = sourcecode.c.h; path = sShowTisWindow.h; sourceTree = "<group>"; };
		14DFF293203EB17C00583046 /* sShowTisWindow.m */ = {isa = PBXFileReference; fileEncoding = 4; lastKnownFileType = sourcecode.c.objc; path = sShowTisWindow.m; sourceTree = "<group>"; };
		14DFF294203EB17C00583046 /* sTipsView.h */ = {isa = PBXFileReference; fileEncoding = 4; lastKnownFileType = sourcecode.c.h; path = sTipsView.h; sourceTree = "<group>"; };
		14DFF295203EB17C00583046 /* sTipsView.m */ = {isa = PBXFileReference; fileEncoding = 4; lastKnownFileType = sourcecode.c.objc; path = sTipsView.m; sourceTree = "<group>"; };
		14DFF296203EB17C00583046 /* sTipsWindowDataSource.h */ = {isa = PBXFileReference; fileEncoding = 4; lastKnownFileType = sourcecode.c.h; path = sTipsWindowDataSource.h; sourceTree = "<group>"; };
		14DFF297203EB17C00583046 /* sTipsWindowProtocol.h */ = {isa = PBXFileReference; fileEncoding = 4; lastKnownFileType = sourcecode.c.h; path = sTipsWindowProtocol.h; sourceTree = "<group>"; };
		14DFF2AF203EC08400583046 /* DsNoteViewController.h */ = {isa = PBXFileReference; lastKnownFileType = sourcecode.c.h; path = DsNoteViewController.h; sourceTree = "<group>"; };
		14DFF2B0203EC08400583046 /* DsNoteViewController.m */ = {isa = PBXFileReference; lastKnownFileType = sourcecode.c.objc; path = DsNoteViewController.m; sourceTree = "<group>"; };
		978B1BC8F6CD741C67E95E9B /* libPods-normalShell.a */ = {isa = PBXFileReference; explicitFileType = archive.ar; includeInIndex = 0; path = "libPods-normalShell.a"; sourceTree = BUILT_PRODUCTS_DIR; };
		A780D2504F8DAFF7274EA6D5 /* Pods-normalShell.debug.xcconfig */ = {isa = PBXFileReference; includeInIndex = 1; lastKnownFileType = text.xcconfig; name = "Pods-normalShell.debug.xcconfig"; path = "Pods/Target Support Files/Pods-normalShell/Pods-normalShell.debug.xcconfig"; sourceTree = "<group>"; };
		EA47BDFB3EA35D627ADA5FBA /* Pods-normalShell.release.xcconfig */ = {isa = PBXFileReference; includeInIndex = 1; lastKnownFileType = text.xcconfig; name = "Pods-normalShell.release.xcconfig"; path = "Pods/Target Support Files/Pods-normalShell/Pods-normalShell.release.xcconfig"; sourceTree = "<group>"; };
/* End PBXFileReference section */

/* Begin PBXFrameworksBuildPhase section */
		1447148F203E9557000211AC /* Frameworks */ = {
			isa = PBXFrameworksBuildPhase;
			buildActionMask = 2147483647;
			files = (
				CD031E628A333BAE8031B167 /* libPods-normalShell.a in Frameworks */,
			);
			runOnlyForDeploymentPostprocessing = 0;
		};
/* End PBXFrameworksBuildPhase section */

/* Begin PBXGroup section */
		14461059203FB3BB00C6492D /* Manager */ = {
			isa = PBXGroup;
			children = (
			);
			path = Manager;
			sourceTree = "<group>";
		};
		14471489203E9557000211AC = {
			isa = PBXGroup;
			children = (
				14471494203E9557000211AC /* normalShell */,
				14471493203E9557000211AC /* Products */,
				FBD0F318C075363F09CB950D /* Pods */,
				9E5A8DCB8AFEF846DF892E4B /* Frameworks */,
			);
			sourceTree = "<group>";
		};
		14471493203E9557000211AC /* Products */ = {
			isa = PBXGroup;
			children = (
				14471492203E9557000211AC /* normalShell.app */,
			);
			name = Products;
			sourceTree = "<group>";
		};
		14471494203E9557000211AC /* normalShell */ = {
			isa = PBXGroup;
			children = (
				14461059203FB3BB00C6492D /* Manager */,
				14DFF276203EB13300583046 /* Custom */,
				144714B2203E99BF000211AC /* Model */,
				144714B5203E9A32000211AC /* Utils */,
				144714B3203E99E3000211AC /* Class */,
				144714B4203E9A02000211AC /* Resource */,
				144714AB203E9594000211AC /* Base */,
				1447149B203E9557000211AC /* Main.storyboard */,
				1447149E203E9557000211AC /* Assets.xcassets */,
				144714A3203E9557000211AC /* Info.plist */,
				14461095203FE27400C6492D /* Localizable.strings */,
				1446107D203FC1F800C6492D /* InfoPlist.strings */,
				144714A4203E9557000211AC /* main.m */,
			);
			path = normalShell;
			sourceTree = "<group>";
		};
		144714AB203E9594000211AC /* Base */ = {
			isa = PBXGroup;
			children = (
				14DFF24A203EA40000583046 /* DDGlobalConstant.h */,
				14461087203FC4B700C6492D /* DsLanguageConfig.h */,
				14DFF245203EA2C200583046 /* DsColorConfig.h */,
				14DFF244203EA13700583046 /* Ds-prefix.pch */,
				14471495203E9557000211AC /* AppDelegate.h */,
				14471496203E9557000211AC /* AppDelegate.m */,
			);
			path = Base;
			sourceTree = "<group>";
		};
		144714AC203E95AA000211AC /* Home */ = {
			isa = PBXGroup;
			children = (
				144714AE203E95F7000211AC /* Control */,
				144714AF203E9605000211AC /* View */,
			);
			path = Home;
			sourceTree = "<group>";
		};
		144714AD203E95B3000211AC /* Mine */ = {
			isa = PBXGroup;
			children = (
				144714B0203E960B000211AC /* Control */,
				144714B1203E9612000211AC /* View */,
			);
			path = Mine;
			sourceTree = "<group>";
		};
		144714AE203E95F7000211AC /* Control */ = {
			isa = PBXGroup;
			children = (
				14DFF26E203EAECE00583046 /* DsHomeViewController.h */,
				14DFF26F203EAECE00583046 /* DsHomeViewController.m */,
			);
			path = Control;
			sourceTree = "<group>";
		};
		144714AF203E9605000211AC /* View */ = {
			isa = PBXGroup;
			children = (
			);
			path = View;
			sourceTree = "<group>";
		};
		144714B0203E960B000211AC /* Control */ = {
			isa = PBXGroup;
			children = (
				14DFF26B203EAEBC00583046 /* DsMineViewController.h */,
				14DFF26C203EAEBC00583046 /* DsMineViewController.m */,
				14461052203FACD400C6492D /* DsSeetingViewController.h */,
				14461051203FACD400C6492D /* DsSeetingViewController.m */,
			);
			path = Control;
			sourceTree = "<group>";
		};
		144714B1203E9612000211AC /* View */ = {
			isa = PBXGroup;
			children = (
				1446104E203FAC8600C6492D /* DsMoreHeadView.h */,
				1446104F203FAC8600C6492D /* DsMoreHeadView.m */,
				14461054203FADBF00C6492D /* DsValue1TableViewCell.h */,
				14461055203FADBF00C6492D /* DsValue1TableViewCell.m */,
			);
			path = View;
			sourceTree = "<group>";
		};
		144714B2203E99BF000211AC /* Model */ = {
			isa = PBXGroup;
			children = (
			);
			path = Model;
			sourceTree = "<group>";
		};
		144714B3203E99E3000211AC /* Class */ = {
			isa = PBXGroup;
			children = (
				144714B6203E9A70000211AC /* BaseVC */,
				14DFF271203EAFF900583046 /* Others */,
				14DFF2AC203EC01F00583046 /* Note */,
				144714AD203E95B3000211AC /* Mine */,
				144714AC203E95AA000211AC /* Home */,
			);
			path = Class;
			sourceTree = "<group>";
		};
		144714B4203E9A02000211AC /* Resource */ = {
			isa = PBXGroup;
			children = (
				14461057203FAF6F00C6492D /* 1.jpg */,
			);
			path = Resource;
			sourceTree = "<group>";
		};
		144714B5203E9A32000211AC /* Utils */ = {
			isa = PBXGroup;
			children = (
				14DFF24F203EA63800583046 /* Others */,
				14DFF246203EA35000583046 /* Category */,
			);
			path = Utils;
			sourceTree = "<group>";
		};
		144714B6203E9A70000211AC /* BaseVC */ = {
			isa = PBXGroup;
			children = (
				14DFF24B203EA5AA00583046 /* BaseController */,
				14DFF209203E9C4D00583046 /* BaseTab */,
				14DFF208203E9C3200583046 /* BaseNav */,
			);
			path = BaseVC;
			sourceTree = "<group>";
		};
		14DFF208203E9C3200583046 /* BaseNav */ = {
			isa = PBXGroup;
			children = (
				14DFF239203E9E3300583046 /* DDBaseNavColumnView.h */,
				14DFF23A203E9E3300583046 /* DDBaseNavColumnView.m */,
				14DFF23B203E9E3300583046 /* DDBaseNavHorizontalView.h */,
				14DFF23D203E9E3300583046 /* DDBaseNavHorizontalView.m */,
				14DFF23F203E9E3400583046 /* DDBaseNavigationView.h */,
				14DFF23E203E9E3300583046 /* DDBaseNavigationView.m */,
				14DFF23C203E9E3300583046 /* DsNavConfig.h */,
			);
			path = BaseNav;
			sourceTree = "<group>";
		};
		14DFF209203E9C4D00583046 /* BaseTab */ = {
			isa = PBXGroup;
			children = (
				14DFF235203E9E2900583046 /* DsBaseTabBar.h */,
				14DFF236203E9E2900583046 /* DsBaseTabBar.m */,
				14DFF232203E9E2900583046 /* DsTabBarProtocol.h */,
				14DFF233203E9E2900583046 /* DsTabConfig.h */,
				14DFF234203E9E2900583046 /* UITabBarController+DsTabBarController.h */,
				14DFF231203E9E2900583046 /* UITabBarController+DsTabBarController.m */,
			);
			path = BaseTab;
			sourceTree = "<group>";
		};
		14DFF246203EA35000583046 /* Category */ = {
			isa = PBXGroup;
			children = (
				14DFF25E203EA6A400583046 /* NSData+DDSC.h */,
				14DFF257203EA6A300583046 /* NSData+DDSC.m */,
				14DFF261203EA6A500583046 /* NSString+DDSC.h */,
				14DFF258203EA6A300583046 /* NSString+DDSC.m */,
				14DFF259203EA6A300583046 /* UIButton+DDSC.h */,
				14DFF25C203EA6A400583046 /* UIButton+DDSC.m */,
				14DFF254203EA6A300583046 /* UIControl+FCAcceptEventInteravl.h */,
				14DFF25A203EA6A300583046 /* UIControl+FCAcceptEventInteravl.m */,
				14DFF25B203EA6A400583046 /* UIImage+DDSC.h */,
				14DFF253203EA6A200583046 /* UIImage+DDSC.m */,
				14DFF262203EA6A500583046 /* UITabBar+Extension.h */,
				14DFF255203EA6A300583046 /* UITabBar+Extension.m */,
				14DFF25F203EA6A400583046 /* UITabBarItem+CustomBadge.h */,
				14DFF25D203EA6A400583046 /* UITabBarItem+CustomBadge.m */,
				14DFF260203EA6A500583046 /* UIView+Frame.h */,
				14DFF256203EA6A300583046 /* UIView+Frame.m */,
				14DFF247203EA3AD00583046 /* UIColor+DDSC.h */,
				14DFF248203EA3AD00583046 /* UIColor+DDSC.m */,
			);
			path = Category;
			sourceTree = "<group>";
		};
		14DFF24B203EA5AA00583046 /* BaseController */ = {
			isa = PBXGroup;
			children = (
				14DFF24D203EA60000583046 /* DsBaseViewController.h */,
				14DFF24C203EA60000583046 /* DsBaseViewController.m */,
			);
			path = BaseController;
			sourceTree = "<group>";
		};
		14DFF24F203EA63800583046 /* Others */ = {
			isa = PBXGroup;
			children = (
				14DFF251203EA69900583046 /* DsUtils.h */,
				14DFF250203EA69900583046 /* DsUtils.m */,
			);
			path = Others;
			sourceTree = "<group>";
		};
		14DFF271203EAFF900583046 /* Others */ = {
			isa = PBXGroup;
			children = (
				14DFF272203EB00300583046 /* StartView */,
			);
			path = Others;
			sourceTree = "<group>";
		};
		14DFF272203EB00300583046 /* StartView */ = {
			isa = PBXGroup;
			children = (
				14DFF274203EB03900583046 /* DsStartViewController.h */,
				14DFF273203EB03900583046 /* DsStartViewController.m */,
			);
			path = StartView;
			sourceTree = "<group>";
		};
		14DFF276203EB13300583046 /* Custom */ = {
			isa = PBXGroup;
			children = (
				14DFF277203EB17C00583046 /* STips */,
			);
			path = Custom;
			sourceTree = "<group>";
		};
		14DFF277203EB17C00583046 /* STips */ = {
			isa = PBXGroup;
			children = (
				14DFF278203EB17C00583046 /* Resource */,
				14DFF286203EB17C00583046 /* sAlertView.h */,
				14DFF287203EB17C00583046 /* sAlertView.m */,
				14DFF288203EB17C00583046 /* sDateView.h */,
				14DFF289203EB17C00583046 /* sDateView.m */,
				14DFF28A203EB17C00583046 /* sKeyboardView.h */,
				14DFF28B203EB17C00583046 /* sKeyboardView.m */,
				14DFF28C203EB17C00583046 /* sScreenView.h */,
				14DFF28D203EB17C00583046 /* sScreenView.m */,
				14DFF28E203EB17C00583046 /* sShareView.h */,
				14DFF28F203EB17C00583046 /* sShareView.m */,
				14DFF290203EB17C00583046 /* sSheetView.h */,
				14DFF291203EB17C00583046 /* sSheetView.m */,
				14DFF292203EB17C00583046 /* sShowTisWindow.h */,
				14DFF293203EB17C00583046 /* sShowTisWindow.m */,
				14DFF294203EB17C00583046 /* sTipsView.h */,
				14DFF295203EB17C00583046 /* sTipsView.m */,
				14DFF296203EB17C00583046 /* sTipsWindowDataSource.h */,
				14DFF297203EB17C00583046 /* sTipsWindowProtocol.h */,
			);
			path = STips;
			sourceTree = "<group>";
		};
		14DFF278203EB17C00583046 /* Resource */ = {
			isa = PBXGroup;
			children = (
				14DFF279203EB17C00583046 /* ShareImages */,
			);
			path = Resource;
			sourceTree = "<group>";
		};
		14DFF279203EB17C00583046 /* ShareImages */ = {
			isa = PBXGroup;
			children = (
				14DFF27A203EB17C00583046 /* icon_pengyou_nor@2x.png */,
				14DFF27B203EB17C00583046 /* icon_pengyou_press@2x.png */,
				14DFF27C203EB17C00583046 /* icon_qqhaoyou_nor@2x.png */,
				14DFF27D203EB17C00583046 /* icon_qqhaoyou_press@2x.png */,
				14DFF27E203EB17C00583046 /* icon_qqkongjian_nor@2x.png */,
				14DFF27F203EB17C00583046 /* icon_qqkongjian_press@2x.png */,
				14DFF280203EB17C00583046 /* icon_weibo_nor@2x.png */,
				14DFF281203EB17C00583046 /* icon_weibo_press@2x.png */,
				14DFF282203EB17C00583046 /* icon_weixinhaoyou_nor@2x.png */,
				14DFF283203EB17C00583046 /* icon_weixinhaoyou_press@2x.png */,
				14DFF284203EB17C00583046 /* icon_xinxi_nor@2x.png */,
				14DFF285203EB17C00583046 /* icon_xinxi_press@2x.png */,
			);
			path = ShareImages;
			sourceTree = "<group>";
		};
		14DFF2AC203EC01F00583046 /* Note */ = {
			isa = PBXGroup;
			children = (
				14DFF2AE203EC06700583046 /* View */,
				14DFF2AD203EC05600583046 /* Control */,
			);
			path = Note;
			sourceTree = "<group>";
		};
		14DFF2AD203EC05600583046 /* Control */ = {
			isa = PBXGroup;
			children = (
				14DFF2AF203EC08400583046 /* DsNoteViewController.h */,
				14DFF2B0203EC08400583046 /* DsNoteViewController.m */,
			);
			path = Control;
			sourceTree = "<group>";
		};
		14DFF2AE203EC06700583046 /* View */ = {
			isa = PBXGroup;
			children = (
			);
			path = View;
			sourceTree = "<group>";
		};
		9E5A8DCB8AFEF846DF892E4B /* Frameworks */ = {
			isa = PBXGroup;
			children = (
				978B1BC8F6CD741C67E95E9B /* libPods-normalShell.a */,
			);
			name = Frameworks;
			sourceTree = "<group>";
		};
		FBD0F318C075363F09CB950D /* Pods */ = {
			isa = PBXGroup;
			children = (
				A780D2504F8DAFF7274EA6D5 /* Pods-normalShell.debug.xcconfig */,
				EA47BDFB3EA35D627ADA5FBA /* Pods-normalShell.release.xcconfig */,
			);
			name = Pods;
			sourceTree = "<group>";
		};
/* End PBXGroup section */

/* Begin PBXNativeTarget section */
		14471491203E9557000211AC /* normalShell */ = {
			isa = PBXNativeTarget;
			buildConfigurationList = 144714A8203E9557000211AC /* Build configuration list for PBXNativeTarget "normalShell" */;
			buildPhases = (
				3D0956EF6F7E404AD904AF0D /* [CP] Check Pods Manifest.lock */,
				1447148E203E9557000211AC /* Sources */,
				1447148F203E9557000211AC /* Frameworks */,
				14471490203E9557000211AC /* Resources */,
				D743FC3EC538F04E2B49BA12 /* [CP] Embed Pods Frameworks */,
				EF811671B8EC5CE64234748A /* [CP] Copy Pods Resources */,
			);
			buildRules = (
			);
			dependencies = (
			);
			name = normalShell;
			productName = normalShell;
			productReference = 14471492203E9557000211AC /* normalShell.app */;
			productType = "com.apple.product-type.application";
		};
/* End PBXNativeTarget section */

/* Begin PBXProject section */
		1447148A203E9557000211AC /* Project object */ = {
			isa = PBXProject;
			attributes = {
				CLASSPREFIX = Ds;
				LastUpgradeCheck = 0900;
				ORGANIZATIONNAME = Seven;
				TargetAttributes = {
					14471491203E9557000211AC = {
						CreatedOnToolsVersion = 9.0;
						ProvisioningStyle = Manual;
					};
				};
			};
			buildConfigurationList = 1447148D203E9557000211AC /* Build configuration list for PBXProject "normalShell" */;
			compatibilityVersion = "Xcode 8.0";
			developmentRegion = en;
			hasScannedForEncodings = 0;
			knownRegions = (
				Base,
				"zh-Hans",
				"zh-Hant",
			);
			mainGroup = 14471489203E9557000211AC;
			productRefGroup = 14471493203E9557000211AC /* Products */;
			projectDirPath = "";
			projectRoot = "";
			targets = (
				14471491203E9557000211AC /* normalShell */,
			);
		};
/* End PBXProject section */

/* Begin PBXResourcesBuildPhase section */
		14471490203E9557000211AC /* Resources */ = {
			isa = PBXResourcesBuildPhase;
			buildActionMask = 2147483647;
			files = (
				14461099203FE8E300C6492D /* Localizable.strings in Resources */,
				14DFF2A2203EB17C00583046 /* icon_xinxi_nor@2x.png in Resources */,
				1446107B203FC1F800C6492D /* InfoPlist.strings in Resources */,
				14DFF29C203EB17C00583046 /* icon_qqkongjian_nor@2x.png in Resources */,
				14DFF29F203EB17C00583046 /* icon_weibo_press@2x.png in Resources */,
				14DFF299203EB17C00583046 /* icon_pengyou_press@2x.png in Resources */,
				14DFF2A0203EB17C00583046 /* icon_weixinhaoyou_nor@2x.png in Resources */,
				14DFF29A203EB17C00583046 /* icon_qqhaoyou_nor@2x.png in Resources */,
				14DFF29E203EB17C00583046 /* icon_weibo_nor@2x.png in Resources */,
				14DFF298203EB17C00583046 /* icon_pengyou_nor@2x.png in Resources */,
				14DFF29D203EB17C00583046 /* icon_qqkongjian_press@2x.png in Resources */,
				14461058203FAF7000C6492D /* 1.jpg in Resources */,
				1447149F203E9557000211AC /* Assets.xcassets in Resources */,
				1447149D203E9557000211AC /* Main.storyboard in Resources */,
				14DFF29B203EB17C00583046 /* icon_qqhaoyou_press@2x.png in Resources */,
				14DFF2A1203EB17C00583046 /* icon_weixinhaoyou_press@2x.png in Resources */,
				14DFF2A3203EB17C00583046 /* icon_xinxi_press@2x.png in Resources */,
			);
			runOnlyForDeploymentPostprocessing = 0;
		};
/* End PBXResourcesBuildPhase section */

/* Begin PBXShellScriptBuildPhase section */
		3D0956EF6F7E404AD904AF0D /* [CP] Check Pods Manifest.lock */ = {
			isa = PBXShellScriptBuildPhase;
			buildActionMask = 2147483647;
			files = (
			);
			inputPaths = (
				"${PODS_PODFILE_DIR_PATH}/Podfile.lock",
				"${PODS_ROOT}/Manifest.lock",
			);
			name = "[CP] Check Pods Manifest.lock";
			outputPaths = (
				"$(DERIVED_FILE_DIR)/Pods-normalShell-checkManifestLockResult.txt",
			);
			runOnlyForDeploymentPostprocessing = 0;
			shellPath = /bin/sh;
			shellScript = "diff \"${PODS_PODFILE_DIR_PATH}/Podfile.lock\" \"${PODS_ROOT}/Manifest.lock\" > /dev/null\nif [ $? != 0 ] ; then\n    # print error to STDERR\n    echo \"error: The sandbox is not in sync with the Podfile.lock. Run 'pod install' or update your CocoaPods installation.\" >&2\n    exit 1\nfi\n# This output is used by Xcode 'outputs' to avoid re-running this script phase.\necho \"SUCCESS\" > \"${SCRIPT_OUTPUT_FILE_0}\"\n";
			showEnvVarsInLog = 0;
		};
		D743FC3EC538F04E2B49BA12 /* [CP] Embed Pods Frameworks */ = {
			isa = PBXShellScriptBuildPhase;
			buildActionMask = 2147483647;
			files = (
			);
			inputPaths = (
			);
			name = "[CP] Embed Pods Frameworks";
			outputPaths = (
			);
			runOnlyForDeploymentPostprocessing = 0;
			shellPath = /bin/sh;
			shellScript = "\"${SRCROOT}/Pods/Target Support Files/Pods-normalShell/Pods-normalShell-frameworks.sh\"\n";
			showEnvVarsInLog = 0;
		};
		EF811671B8EC5CE64234748A /* [CP] Copy Pods Resources */ = {
			isa = PBXShellScriptBuildPhase;
			buildActionMask = 2147483647;
			files = (
			);
			inputPaths = (
			);
			name = "[CP] Copy Pods Resources";
			outputPaths = (
			);
			runOnlyForDeploymentPostprocessing = 0;
			shellPath = /bin/sh;
			shellScript = "\"${SRCROOT}/Pods/Target Support Files/Pods-normalShell/Pods-normalShell-resources.sh\"\n";
			showEnvVarsInLog = 0;
		};
/* End PBXShellScriptBuildPhase section */

/* Begin PBXSourcesBuildPhase section */
		1447148E203E9557000211AC /* Sources */ = {
			isa = PBXSourcesBuildPhase;
			buildActionMask = 2147483647;
			files = (
				14DFF275203EB03900583046 /* DsStartViewController.m in Sources */,
				14DFF270203EAECE00583046 /* DsHomeViewController.m in Sources */,
				14DFF242203E9E3400583046 /* DDBaseNavigationView.m in Sources */,
				14DFF26A203EA6A500583046 /* UITabBarItem+CustomBadge.m in Sources */,
				14DFF2A7203EB17C00583046 /* sScreenView.m in Sources */,
				14DFF264203EA6A500583046 /* UITabBar+Extension.m in Sources */,
				14DFF268203EA6A500583046 /* UIControl+FCAcceptEventInteravl.m in Sources */,
				14DFF269203EA6A500583046 /* UIButton+DDSC.m in Sources */,
				144714A5203E9557000211AC /* main.m in Sources */,
				14DFF252203EA69900583046 /* DsUtils.m in Sources */,
				14DFF2A6203EB17C00583046 /* sKeyboardView.m in Sources */,
				14DFF2AA203EB17C00583046 /* sShowTisWindow.m in Sources */,
				14DFF2AB203EB17C00583046 /* sTipsView.m in Sources */,
				14DFF267203EA6A500583046 /* NSString+DDSC.m in Sources */,
				14DFF237203E9E2900583046 /* UITabBarController+DsTabBarController.m in Sources */,
				14461056203FADBF00C6492D /* DsValue1TableViewCell.m in Sources */,
				14DFF265203EA6A500583046 /* UIView+Frame.m in Sources */,
				14DFF266203EA6A500583046 /* NSData+DDSC.m in Sources */,
				14471497203E9557000211AC /* AppDelegate.m in Sources */,
				14DFF263203EA6A500583046 /* UIImage+DDSC.m in Sources */,
				14DFF2A5203EB17C00583046 /* sDateView.m in Sources */,
				14DFF241203E9E3400583046 /* DDBaseNavHorizontalView.m in Sources */,
				14DFF2B1203EC08400583046 /* DsNoteViewController.m in Sources */,
				14DFF26D203EAEBC00583046 /* DsMineViewController.m in Sources */,
				14DFF238203E9E2900583046 /* DsBaseTabBar.m in Sources */,
				14DFF240203E9E3400583046 /* DDBaseNavColumnView.m in Sources */,
				14461053203FACD400C6492D /* DsSeetingViewController.m in Sources */,
				14DFF2A4203EB17C00583046 /* sAlertView.m in Sources */,
				14DFF249203EA3AD00583046 /* UIColor+DDSC.m in Sources */,
				14461050203FAC8700C6492D /* DsMoreHeadView.m in Sources */,
				14DFF2A8203EB17C00583046 /* sShareView.m in Sources */,
				14DFF2A9203EB17C00583046 /* sSheetView.m in Sources */,
				14DFF24E203EA60000583046 /* DsBaseViewController.m in Sources */,
			);
			runOnlyForDeploymentPostprocessing = 0;
		};
/* End PBXSourcesBuildPhase section */

/* Begin PBXVariantGroup section */
		1446107D203FC1F800C6492D /* InfoPlist.strings */ = {
			isa = PBXVariantGroup;
			children = (
				1446107C203FC1F800C6492D /* en */,
				1446107E203FC1FA00C6492D /* zh-Hans */,
				1446107F203FC1FC00C6492D /* zh-Hant */,
				14461090203FE14300C6492D /* Base */,
			);
			name = InfoPlist.strings;
			sourceTree = "<group>";
		};
		14461095203FE27400C6492D /* Localizable.strings */ = {
			isa = PBXVariantGroup;
			children = (
				14461094203FE27400C6492D /* en */,
				14461096203FE27700C6492D /* zh-Hans */,
				14461097203FE27A00C6492D /* zh-Hant */,
			);
			name = Localizable.strings;
			sourceTree = "<group>";
		};
		1447149B203E9557000211AC /* Main.storyboard */ = {
			isa = PBXVariantGroup;
			children = (
				1447149C203E9557000211AC /* Base */,
				14461076203FC0E200C6492D /* en */,
				14461077203FC0F200C6492D /* zh-Hans */,
				14461078203FC0F900C6492D /* zh-Hant */,
			);
			name = Main.storyboard;
			sourceTree = "<group>";
		};
/* End PBXVariantGroup section */

/* Begin XCBuildConfiguration section */
		144714A6203E9557000211AC /* Debug */ = {
			isa = XCBuildConfiguration;
			buildSettings = {
				ALWAYS_SEARCH_USER_PATHS = NO;
				CLANG_ANALYZER_LOCALIZABILITY_NONLOCALIZED = YES;
				CLANG_ANALYZER_NONNULL = YES;
				CLANG_ANALYZER_NUMBER_OBJECT_CONVERSION = YES_AGGRESSIVE;
				CLANG_CXX_LANGUAGE_STANDARD = "gnu++14";
				CLANG_CXX_LIBRARY = "libc++";
				CLANG_ENABLE_MODULES = YES;
				CLANG_ENABLE_OBJC_ARC = YES;
				CLANG_WARN_BLOCK_CAPTURE_AUTORELEASING = YES;
				CLANG_WARN_BOOL_CONVERSION = YES;
				CLANG_WARN_COMMA = YES;
				CLANG_WARN_CONSTANT_CONVERSION = YES;
				CLANG_WARN_DIRECT_OBJC_ISA_USAGE = YES_ERROR;
				CLANG_WARN_DOCUMENTATION_COMMENTS = YES;
				CLANG_WARN_EMPTY_BODY = YES;
				CLANG_WARN_ENUM_CONVERSION = YES;
				CLANG_WARN_INFINITE_RECURSION = YES;
				CLANG_WARN_INT_CONVERSION = YES;
				CLANG_WARN_NON_LITERAL_NULL_CONVERSION = YES;
				CLANG_WARN_OBJC_LITERAL_CONVERSION = YES;
				CLANG_WARN_OBJC_ROOT_CLASS = YES_ERROR;
				CLANG_WARN_RANGE_LOOP_ANALYSIS = YES;
				CLANG_WARN_STRICT_PROTOTYPES = YES;
				CLANG_WARN_SUSPICIOUS_MOVE = YES;
				CLANG_WARN_UNGUARDED_AVAILABILITY = YES_AGGRESSIVE;
				CLANG_WARN_UNREACHABLE_CODE = YES;
				CLANG_WARN__DUPLICATE_METHOD_MATCH = YES;
				CODE_SIGN_IDENTITY = "iPhone Developer";
				COPY_PHASE_STRIP = NO;
				DEBUG_INFORMATION_FORMAT = dwarf;
				ENABLE_STRICT_OBJC_MSGSEND = YES;
				ENABLE_TESTABILITY = YES;
				GCC_C_LANGUAGE_STANDARD = gnu11;
				GCC_DYNAMIC_NO_PIC = NO;
				GCC_NO_COMMON_BLOCKS = YES;
				GCC_OPTIMIZATION_LEVEL = 0;
				GCC_PREPROCESSOR_DEFINITIONS = (
					"DEBUG=1",
					"$(inherited)",
				);
				GCC_WARN_64_TO_32_BIT_CONVERSION = YES;
				GCC_WARN_ABOUT_RETURN_TYPE = YES_ERROR;
				GCC_WARN_UNDECLARED_SELECTOR = YES;
				GCC_WARN_UNINITIALIZED_AUTOS = YES_AGGRESSIVE;
				GCC_WARN_UNUSED_FUNCTION = YES;
				GCC_WARN_UNUSED_VARIABLE = YES;
				IPHONEOS_DEPLOYMENT_TARGET = 8.0;
				MTL_ENABLE_DEBUG_INFO = YES;
				ONLY_ACTIVE_ARCH = YES;
				SDKROOT = iphoneos;
			};
			name = Debug;
		};
		144714A7203E9557000211AC /* Release */ = {
			isa = XCBuildConfiguration;
			buildSettings = {
				ALWAYS_SEARCH_USER_PATHS = NO;
				CLANG_ANALYZER_LOCALIZABILITY_NONLOCALIZED = YES;
				CLANG_ANALYZER_NONNULL = YES;
				CLANG_ANALYZER_NUMBER_OBJECT_CONVERSION = YES_AGGRESSIVE;
				CLANG_CXX_LANGUAGE_STANDARD = "gnu++14";
				CLANG_CXX_LIBRARY = "libc++";
				CLANG_ENABLE_MODULES = YES;
				CLANG_ENABLE_OBJC_ARC = YES;
				CLANG_WARN_BLOCK_CAPTURE_AUTORELEASING = YES;
				CLANG_WARN_BOOL_CONVERSION = YES;
				CLANG_WARN_COMMA = YES;
				CLANG_WARN_CONSTANT_CONVERSION = YES;
				CLANG_WARN_DIRECT_OBJC_ISA_USAGE = YES_ERROR;
				CLANG_WARN_DOCUMENTATION_COMMENTS = YES;
				CLANG_WARN_EMPTY_BODY = YES;
				CLANG_WARN_ENUM_CONVERSION = YES;
				CLANG_WARN_INFINITE_RECURSION = YES;
				CLANG_WARN_INT_CONVERSION = YES;
				CLANG_WARN_NON_LITERAL_NULL_CONVERSION = YES;
				CLANG_WARN_OBJC_LITERAL_CONVERSION = YES;
				CLANG_WARN_OBJC_ROOT_CLASS = YES_ERROR;
				CLANG_WARN_RANGE_LOOP_ANALYSIS = YES;
				CLANG_WARN_STRICT_PROTOTYPES = YES;
				CLANG_WARN_SUSPICIOUS_MOVE = YES;
				CLANG_WARN_UNGUARDED_AVAILABILITY = YES_AGGRESSIVE;
				CLANG_WARN_UNREACHABLE_CODE = YES;
				CLANG_WARN__DUPLICATE_METHOD_MATCH = YES;
				CODE_SIGN_IDENTITY = "iPhone Developer";
				COPY_PHASE_STRIP = NO;
				DEBUG_INFORMATION_FORMAT = "dwarf-with-dsym";
				ENABLE_NS_ASSERTIONS = NO;
				ENABLE_STRICT_OBJC_MSGSEND = YES;
				GCC_C_LANGUAGE_STANDARD = gnu11;
				GCC_NO_COMMON_BLOCKS = YES;
				GCC_WARN_64_TO_32_BIT_CONVERSION = YES;
				GCC_WARN_ABOUT_RETURN_TYPE = YES_ERROR;
				GCC_WARN_UNDECLARED_SELECTOR = YES;
				GCC_WARN_UNINITIALIZED_AUTOS = YES_AGGRESSIVE;
				GCC_WARN_UNUSED_FUNCTION = YES;
				GCC_WARN_UNUSED_VARIABLE = YES;
				IPHONEOS_DEPLOYMENT_TARGET = 8.0;
				MTL_ENABLE_DEBUG_INFO = NO;
				SDKROOT = iphoneos;
				VALIDATE_PRODUCT = YES;
			};
			name = Release;
		};
		144714A9203E9557000211AC /* Debug */ = {
			isa = XCBuildConfiguration;
			baseConfigurationReference = A780D2504F8DAFF7274EA6D5 /* Pods-normalShell.debug.xcconfig */;
			buildSettings = {
				ASSETCATALOG_COMPILER_APPICON_NAME = AppIcon;
				CODE_SIGN_STYLE = Manual;
				DEVELOPMENT_TEAM = AL8Z95Q4JM;
				GCC_PREFIX_HEADER = "$(SRCROOT)/normalShell/Base/Ds-prefix.pch";
				INFOPLIST_FILE = normalShell/Info.plist;
				IPHONEOS_DEPLOYMENT_TARGET = 8.0;
				LD_RUNPATH_SEARCH_PATHS = "$(inherited) @executable_path/Frameworks";
				PRODUCT_BUNDLE_IDENTIFIER = com.ddsoucai.normalShell;
				PRODUCT_NAME = "$(TARGET_NAME)";
				PROVISIONING_PROFILE = "b9ce799e-1621-47ff-ac8e-20091e939015";
				PROVISIONING_PROFILE_SPECIFIER = Wildcard;
				TARGETED_DEVICE_FAMILY = "1,2";
			};
			name = Debug;
		};
		144714AA203E9557000211AC /* Release */ = {
			isa = XCBuildConfiguration;
			baseConfigurationReference = EA47BDFB3EA35D627ADA5FBA /* Pods-normalShell.release.xcconfig */;
			buildSettings = {
				ASSETCATALOG_COMPILER_APPICON_NAME = AppIcon;
				CODE_SIGN_STYLE = Manual;
				DEVELOPMENT_TEAM = AL8Z95Q4JM;
				GCC_PREFIX_HEADER = "$(SRCROOT)/normalShell/Base/Ds-prefix.pch";
				INFOPLIST_FILE = normalShell/Info.plist;
				IPHONEOS_DEPLOYMENT_TARGET = 8.0;
				LD_RUNPATH_SEARCH_PATHS = "$(inherited) @executable_path/Frameworks";
				PRODUCT_BUNDLE_IDENTIFIER = com.ddsoucai.normalShell;
				PRODUCT_NAME = "$(TARGET_NAME)";
				PROVISIONING_PROFILE = "b9ce799e-1621-47ff-ac8e-20091e939015";
				PROVISIONING_PROFILE_SPECIFIER = Wildcard;
				TARGETED_DEVICE_FAMILY = "1,2";
			};
			name = Release;
		};
/* End XCBuildConfiguration section */

/* Begin XCConfigurationList section */
		1447148D203E9557000211AC /* Build configuration list for PBXProject "normalShell" */ = {
			isa = XCConfigurationList;
			buildConfigurations = (
				144714A6203E9557000211AC /* Debug */,
				144714A7203E9557000211AC /* Release */,
			);
			defaultConfigurationIsVisible = 0;
			defaultConfigurationName = Release;
		};
		144714A8203E9557000211AC /* Build configuration list for PBXNativeTarget "normalShell" */ = {
			isa = XCConfigurationList;
			buildConfigurations = (
				144714A9203E9557000211AC /* Debug */,
				144714AA203E9557000211AC /* Release */,
			);
			defaultConfigurationIsVisible = 0;
			defaultConfigurationName = Release;
		};
/* End XCConfigurationList section */
	};
	rootObject = 1447148A203E9557000211AC /* Project object */;
}
